{
  "name": "@nikonov-alex/dropdown",
  "version": "0.0.9",
  "lockfileVersion": 3,
  "requires": true,
  "packages": {
    "": {
      "name": "@nikonov-alex/dropdown",
      "version": "0.0.9",
      "license": "MIT",
      "dependencies": {
        "@nikonov-alex/components": "^0.0.28",
        "jsx-dom": "^8.0.7"
      },
      "devDependencies": {
        "tslib": "^2.6.2"
      }
    },
    "node_modules/@nikonov-alex/components": {
      "version": "0.0.28",
      "resolved": "https://registry.npmjs.org/@nikonov-alex/components/-/components-0.0.28.tgz",
      "integrity": "sha512-RDo488rMD/qDwdVGDUlaI6GfXxgm7ZyjZE9ODOqD7S+xo/nVPdEyU3j0kWueJ1HHKujyTsRkqXVDSA5MGru0nA==",
      "dependencies": {
        "morphdom": "^2.7.0"
      }
    },
    "node_modules/csstype": {
      "version": "3.1.2",
      "resolved": "https://registry.npmjs.org/csstype/-/csstype-3.1.2.tgz",
      "integrity": "sha512-I7K1Uu0MBPzaFKg4nI5Q7Vs2t+3gWWW648spaF+Rg7pI9ds18Ugn+lvg4SHczUdKlHI5LWBXyqfS8+DufyBsgQ=="
    },
    "node_modules/jsx-dom": {
      "version": "8.0.7",
      "resolved": "https://registry.npmjs.org/jsx-dom/-/jsx-dom-8.0.7.tgz",
      "integrity": "sha512-0qBdkjBq7xQpZtgNroKwvv0wUX4zItd1br6Mzay0FBfSoicmGAhavJTg+2bS0RW/CgctfnQTmFwycG5XxQ0FPw==",
      "dependencies": {
        "csstype": "^3.1.2"
      }
    },
    "node_modules/morphdom": {
      "version": "2.7.1",
      "resolved": "https://registry.npmjs.org/morphdom/-/morphdom-2.7.1.tgz",
      "integrity": "sha512-LwrrjplMolniWtOGluKF1EHZ0y78Fa4sq7f/MXCydyNkDof+POf+ruCn+k08l7H7b/JISfRo8Zd0HazuqySY9w=="
    },
    "node_modules/tslib": {
      "version": "2.6.2",
      "resolved": "https://registry.npmjs.org/tslib/-/tslib-2.6.2.tgz",
      "integrity": "sha512-AEYxH93jGFPn/a2iVAwW87VuUIkR1FVUKB77NwMF7nBTDkDrrT/Hpt/IrCJ0QXhW27jTBDcf5ZY7w6RiqTMw2Q==",
      "dev": true
    }
  }
}
